<?xml version="1.0" encoding="utf-8"?>
<Project ToolsVersion="4.0" xmlns="http://schemas.microsoft.com/developer/msbuild/2003">
  <ItemGroup>
    <Filter Include="Source Files">
      <UniqueIdentifier>{4FC737F1-C7A5-4376-A066-2A32D752A2FF}</UniqueIdentifier>
      <Extensions>cpp;c;cc;cxx;c++;cppm;ixx;def;odl;idl;hpj;bat;asm;asmx</Extensions>
    </Filter>
    <Filter Include="Header Files">
      <UniqueIdentifier>{93995380-89BD-4b04-88EB-625FBE52EBFB}</UniqueIdentifier>
      <Extensions>h;hh;hpp;hxx;h++;hm;inl;inc;ipp;xsd</Extensions>
    </Filter>
    <Filter Include="Resource Files">
      <UniqueIdentifier>{67DA6AB6-F800-4c08-8B7A-83BB121AAD01}</UniqueIdentifier>
      <Extensions>rc;ico;cur;bmp;dlg;rc2;rct;bin;rgs;gif;jpg;jpeg;jpe;resx;tiff;tif;png;wav;mfcribbon-ms</Extensions>
    </Filter>
    <Filter Include="Header Files\ui">
      <UniqueIdentifier>{bfff2f77-076c-4389-937f-6b47f8b30b04}</UniqueIdentifier>
    </Filter>
    <Filter Include="Source Files\ui">
      <UniqueIdentifier>{3354c431-1357-4ab3-b595-3fb290f12397}</UniqueIdentifier>
    </Filter>
    <Filter Include="Header Files\sim">
      <UniqueIdentifier>{a85bbad1-d480-40a1-b53f-4f18b34540a2}</UniqueIdentifier>
    </Filter>
    <Filter Include="Source Files\sim">
      <UniqueIdentifier>{ff9606d9-b5d6-4ae3-b283-a1823df7d312}</UniqueIdentifier>
    </Filter>
  </ItemGroup>
  <ItemGroup>
    <ClCompile Include="main.cpp">
      <Filter>Source Files</Filter>
    </ClCompile>
    <ClCompile Include="ui\BaseElement.cpp">
      <Filter>Source Files\ui</Filter>
    </ClCompile>
    <ClCompile Include="ui\Button.cpp">
      <Filter>Source Files\ui</Filter>
    </ClCompile>
    <ClCompile Include="ui\common.cpp">
      <Filter>Source Files\ui</Filter>
    </ClCompile>
    <ClCompile Include="sim\Cable.cpp">
      <Filter>Source Files\sim</Filter>
    </ClCompile>
    <ClCompile Include="sim\PowerNode.cpp">
      <Filter>Source Files\sim</Filter>
    </ClCompile>
    <ClCompile Include="ui\Scene.cpp">
      <Filter>Source Files\ui</Filter>
    </ClCompile>
    <ClCompile Include="ui\SimScene.cpp">
      <Filter>Source Files\ui</Filter>
    </ClCompile>
    <ClCompile Include="sim\BinaryGate.cpp">
      <Filter>Source Files\sim</Filter>
    </ClCompile>
    <ClCompile Include="ui\BasicContainer.cpp">
      <Filter>Source Files\ui</Filter>
    </ClCompile>
    <ClCompile Include="ui\ListContainer.cpp">
      <Filter>Source Files\ui</Filter>
    </ClCompile>
  </ItemGroup>
  <ItemGroup>
    <ClInclude Include="ui\BaseElement.h">
      <Filter>Header Files\ui</Filter>
    </ClInclude>
    <ClInclude Include="ui\Button.h">
      <Filter>Header Files\ui</Filter>
    </ClInclude>
    <ClInclude Include="ui\common.h">
      <Filter>Header Files\ui</Filter>
    </ClInclude>
    <ClInclude Include="sim\Cable.h">
      <Filter>Header Files\sim</Filter>
    </ClInclude>
    <ClInclude Include="sim\PowerNode.h">
      <Filter>Header Files\sim</Filter>
    </ClInclude>
    <ClInclude Include="vectorutils.h">
      <Filter>Header Files</Filter>
    </ClInclude>
    <ClInclude Include="ui\hitbox.h">
      <Filter>Header Files\ui</Filter>
    </ClInclude>
    <ClInclude Include="ui\Scene.h">
      <Filter>Header Files\ui</Filter>
    </ClInclude>
    <ClInclude Include="ui\MainScene.h">
      <Filter>Header Files\ui</Filter>
    </ClInclude>
    <ClInclude Include="ui\SimScene.h">
      <Filter>Header Files\ui</Filter>
    </ClInclude>
    <ClInclude Include="sim\BaseComponent.h">
      <Filter>Header Files\sim</Filter>
    </ClInclude>
    <ClInclude Include="sim\BinaryGate.h">
      <Filter>Header Files\sim</Filter>
    </ClInclude>
    <ClInclude Include="ui\ListContainer.h">
      <Filter>Header Files\ui</Filter>
    </ClInclude>
    <ClInclude Include="ui\BasicContainer.h">
      <Filter>Header Files\ui</Filter>
    </ClInclude>
  </ItemGroup>
</Project>